
Microsoft Visual Studio Solution File, Format Version 12.00
# Visual Studio Version 17
VisualStudioVersion = 17.13.35913.81 d17.13
MinimumVisualStudioVersion = 10.0.40219.1
Project("{FAE04EC0-301F-11D3-BF4B-00C04F79EFBC}") = "UsersMicroservice", "UsersMicroservice\UsersMicroservice.csproj", "{6F368B0F-F03C-4946-8F3D-D2ECE20FE1CD}"
EndProject
Project("{FAE04EC0-301F-11D3-BF4B-00C04F79EFBC}") = "UsesrsMicroservice.Tests", "UsesrMicroservice.Tests\UsesrsMicroservice.Tests.csproj", "{F7751AB7-CD10-4364-9FD7-3D6404B43696}"
EndProject
Global
	GlobalSection(SolutionConfigurationPlatforms) = preSolution
		Debug|Any CPU = Debug|Any CPU
		Release|Any CPU = Release|Any CPU
	EndGlobalSection
	GlobalSection(ProjectConfigurationPlatforms) = postSolution
		{6F368B0F-F03C-4946-8F3D-D2ECE20FE1CD}.Debug|Any CPU.ActiveCfg = Debug|Any CPU
		{6F368B0F-F03C-4946-8F3D-D2ECE20FE1CD}.Debug|Any CPU.Build.0 = Debug|Any CPU
		{6F368B0F-F03C-4946-8F3D-D2ECE20FE1CD}.Release|Any CPU.ActiveCfg = Release|Any CPU
		{6F368B0F-F03C-4946-8F3D-D2ECE20FE1CD}.Release|Any CPU.Build.0 = Release|Any CPU
		{F7751AB7-CD10-4364-9FD7-3D6404B43696}.Debug|Any CPU.ActiveCfg = Debug|Any CPU
		{F7751AB7-CD10-4364-9FD7-3D6404B43696}.Debug|Any CPU.Build.0 = Debug|Any CPU
		{F7751AB7-CD10-4364-9FD7-3D6404B43696}.Release|Any CPU.ActiveCfg = Release|Any CPU
		{F7751AB7-CD10-4364-9FD7-3D6404B43696}.Release|Any CPU.Build.0 = Release|Any CPU
	EndGlobalSection
	GlobalSection(SolutionProperties) = preSolution
		HideSolutionNode = FALSE
	EndGlobalSection
	GlobalSection(ExtensibilityGlobals) = postSolution
		SolutionGuid = {2B396496-12EC-458F-BD8F-3E901D6627D4}
	EndGlobalSection
EndGlobal
